// !$*UTF8*$!
{
	archiveVersion = 1;
	classes = {
	};
	objectVersion = 56;
	objects = {

/* Begin PBXBuildFile section */
		031C9328297EF29D001C041C /* LocationsPreviewView.swift in Sources */ = {isa = PBXBuildFile; fileRef = 031C9327297EF29D001C041C /* LocationsPreviewView.swift */; };
		03AAEC09297DA94400A01BA4 /* LocationsView.swift in Sources */ = {isa = PBXBuildFile; fileRef = 03AAEC08297DA94400A01BA4 /* LocationsView.swift */; };
		03AAEC0B297DB10200A01BA4 /* LocationsViewModel.swift in Sources */ = {isa = PBXBuildFile; fileRef = 03AAEC0A297DB10200A01BA4 /* LocationsViewModel.swift */; };
		03BC53422986F9A50037C0F3 /* LocationMapAnnotationView.swift in Sources */ = {isa = PBXBuildFile; fileRef = 03BC53412986F9A50037C0F3 /* LocationMapAnnotationView.swift */; };
		03F4E713297BE84E00C153B2 /* SwiftfulMapAppApp.swift in Sources */ = {isa = PBXBuildFile; fileRef = 03F4E712297BE84E00C153B2 /* SwiftfulMapAppApp.swift */; };
		03F4E715297BE84E00C153B2 /* ContentView.swift in Sources */ = {isa = PBXBuildFile; fileRef = 03F4E714297BE84E00C153B2 /* ContentView.swift */; };
		03F4E71A297BE84F00C153B2 /* Preview Assets.xcassets in Resources */ = {isa = PBXBuildFile; fileRef = 03F4E719297BE84F00C153B2 /* Preview Assets.xcassets */; };
		03F4E721297BE8C000C153B2 /* Assets.xcassets in Resources */ = {isa = PBXBuildFile; fileRef = 03F4E720297BE8BF00C153B2 /* Assets.xcassets */; };
		03F4E727297BE8D900C153B2 /* LocationsDataService.swift in Sources */ = {isa = PBXBuildFile; fileRef = 03F4E726297BE8D900C153B2 /* LocationsDataService.swift */; };
		03F4E729297BE8F000C153B2 /* Location.swift in Sources */ = {isa = PBXBuildFile; fileRef = 03F4E728297BE8F000C153B2 /* Location.swift */; };
		03F6D4A7297E565B00A2E6A2 /* LocationsListView.swift in Sources */ = {isa = PBXBuildFile; fileRef = 03F6D4A6297E565B00A2E6A2 /* LocationsListView.swift */; };
/* End PBXBuildFile section */

/* Begin PBXFileReference section */
		031C9327297EF29D001C041C /* LocationsPreviewView.swift */ = {isa = PBXFileReference; lastKnownFileType = sourcecode.swift; path = LocationsPreviewView.swift; sourceTree = "<group>"; };
		03AAEC08297DA94400A01BA4 /* LocationsView.swift */ = {isa = PBXFileReference; lastKnownFileType = sourcecode.swift; path = LocationsView.swift; sourceTree = "<group>"; };
		03AAEC0A297DB10200A01BA4 /* LocationsViewModel.swift */ = {isa = PBXFileReference; lastKnownFileType = sourcecode.swift; path = LocationsViewModel.swift; sourceTree = "<group>"; };
		03BC53412986F9A50037C0F3 /* LocationMapAnnotationView.swift */ = {isa = PBXFileReference; lastKnownFileType = sourcecode.swift; path = LocationMapAnnotationView.swift; sourceTree = "<group>"; };
		03F4E70F297BE84E00C153B2 /* SwiftfulMapApp.app */ = {isa = PBXFileReference; explicitFileType = wrapper.application; includeInIndex = 0; path = SwiftfulMapApp.app; sourceTree = BUILT_PRODUCTS_DIR; };
		03F4E712297BE84E00C153B2 /* SwiftfulMapAppApp.swift */ = {isa = PBXFileReference; lastKnownFileType = sourcecode.swift; path = SwiftfulMapAppApp.swift; sourceTree = "<group>"; };
		03F4E714297BE84E00C153B2 /* ContentView.swift */ = {isa = PBXFileReference; lastKnownFileType = sourcecode.swift; path = ContentView.swift; sourceTree = "<group>"; };
		03F4E719297BE84F00C153B2 /* Preview Assets.xcassets */ = {isa = PBXFileReference; lastKnownFileType = folder.assetcatalog; path = "Preview Assets.xcassets"; sourceTree = "<group>"; };
		03F4E720297BE8BF00C153B2 /* Assets.xcassets */ = {isa = PBXFileReference; lastKnownFileType = folder.assetcatalog; path = Assets.xcassets; sourceTree = "<group>"; };
		03F4E726297BE8D900C153B2 /* LocationsDataService.swift */ = {isa = PBXFileReference; fileEncoding = 4; lastKnownFileType = sourcecode.swift; path = LocationsDataService.swift; sourceTree = "<group>"; };
		03F4E728297BE8F000C153B2 /* Location.swift */ = {isa = PBXFileReference; lastKnownFileType = sourcecode.swift; path = Location.swift; sourceTree = "<group>"; };
		03F6D4A6297E565B00A2E6A2 /* LocationsListView.swift */ = {isa = PBXFileReference; lastKnownFileType = sourcecode.swift; path = LocationsListView.swift; sourceTree = "<group>"; };
/* End PBXFileReference section */

/* Begin PBXFrameworksBuildPhase section */
		03F4E70C297BE84E00C153B2 /* Frameworks */ = {
			isa = PBXFrameworksBuildPhase;
			buildActionMask = 2147483647;
			files = (
			);
			runOnlyForDeploymentPostprocessing = 0;
		};
/* End PBXFrameworksBuildPhase section */

/* Begin PBXGroup section */
		03F4E706297BE84E00C153B2 = {
			isa = PBXGroup;
			children = (
				03F4E711297BE84E00C153B2 /* SwiftfulMapApp */,
				03F4E710297BE84E00C153B2 /* Products */,
			);
			sourceTree = "<group>";
		};
		03F4E710297BE84E00C153B2 /* Products */ = {
			isa = PBXGroup;
			children = (
				03F4E70F297BE84E00C153B2 /* SwiftfulMapApp.app */,
			);
			name = Products;
			sourceTree = "<group>";
		};
		03F4E711297BE84E00C153B2 /* SwiftfulMapApp */ = {
			isa = PBXGroup;
			children = (
				03F4E712297BE84E00C153B2 /* SwiftfulMapAppApp.swift */,
				03F4E714297BE84E00C153B2 /* ContentView.swift */,
				03F4E725297BE8CB00C153B2 /* DataServices */,
				03F4E724297BE8C800C153B2 /* Views */,
				03F4E723297BE8C600C153B2 /* ViewModels */,
				03F4E722297BE8C300C153B2 /* Models */,
				03F4E720297BE8BF00C153B2 /* Assets.xcassets */,
				03F4E718297BE84F00C153B2 /* Preview Content */,
			);
			path = SwiftfulMapApp;
			sourceTree = "<group>";
		};
		03F4E718297BE84F00C153B2 /* Preview Content */ = {
			isa = PBXGroup;
			children = (
				03F4E719297BE84F00C153B2 /* Preview Assets.xcassets */,
			);
			path = "Preview Content";
			sourceTree = "<group>";
		};
		03F4E722297BE8C300C153B2 /* Models */ = {
			isa = PBXGroup;
			children = (
				03F4E728297BE8F000C153B2 /* Location.swift */,
			);
			path = Models;
			sourceTree = "<group>";
		};
		03F4E723297BE8C600C153B2 /* ViewModels */ = {
			isa = PBXGroup;
			children = (
				03AAEC0A297DB10200A01BA4 /* LocationsViewModel.swift */,
			);
			path = ViewModels;
			sourceTree = "<group>";
		};
		03F4E724297BE8C800C153B2 /* Views */ = {
			isa = PBXGroup;
			children = (
				03AAEC08297DA94400A01BA4 /* LocationsView.swift */,
				03BC53412986F9A50037C0F3 /* LocationMapAnnotationView.swift */,
				03F6D4A6297E565B00A2E6A2 /* LocationsListView.swift */,
				031C9327297EF29D001C041C /* LocationsPreviewView.swift */,
			);
			path = Views;
			sourceTree = "<group>";
		};
		03F4E725297BE8CB00C153B2 /* DataServices */ = {
			isa = PBXGroup;
			children = (
				03F4E726297BE8D900C153B2 /* LocationsDataService.swift */,
			);
			path = DataServices;
			sourceTree = "<group>";
		};
/* End PBXGroup section */

/* Begin PBXNativeTarget section */
		03F4E70E297BE84E00C153B2 /* SwiftfulMapApp */ = {
			isa = PBXNativeTarget;
			buildConfigurationList = 03F4E71D297BE84F00C153B2 /* Build configuration list for PBXNativeTarget "SwiftfulMapApp" */;
			buildPhases = (
				03F4E70B297BE84E00C153B2 /* Sources */,
				03F4E70C297BE84E00C153B2 /* Frameworks */,
				03F4E70D297BE84E00C153B2 /* Resources */,
			);
			buildRules = (
			);
			dependencies = (
			);
			name = SwiftfulMapApp;
			productName = SwiftfulMapApp;
			productReference = 03F4E70F297BE84E00C153B2 /* SwiftfulMapApp.app */;
			productType = "com.apple.product-type.application";
		};
/* End PBXNativeTarget section */

/* Begin PBXProject section */
		03F4E707297BE84E00C153B2 /* Project object */ = {
			isa = PBXProject;
			attributes = {
				BuildIndependentTargetsInParallel = 1;
				LastSwiftUpdateCheck = 1420;
				LastUpgradeCheck = 1420;
				TargetAttributes = {
					03F4E70E297BE84E00C153B2 = {
						CreatedOnToolsVersion = 14.2;
					};
				};
			};
			buildConfigurationList = 03F4E70A297BE84E00C153B2 /* Build configuration list for PBXProject "SwiftfulMapApp" */;
			compatibilityVersion = "Xcode 14.0";
			developmentRegion = en;
			hasScannedForEncodings = 0;
			knownRegions = (
				en,
				Base,
			);
			mainGroup = 03F4E706297BE84E00C153B2;
			productRefGroup = 03F4E710297BE84E00C153B2 /* Products */;
			projectDirPath = "";
			projectRoot = "";
			targets = (
				03F4E70E297BE84E00C153B2 /* SwiftfulMapApp */,
			);
		};
/* End PBXProject section */

/* Begin PBXResourcesBuildPhase section */
		03F4E70D297BE84E00C153B2 /* Resources */ = {
			isa = PBXResourcesBuildPhase;
			buildActionMask = 2147483647;
			files = (
				03F4E721297BE8C000C153B2 /* Assets.xcassets in Resources */,
				03F4E71A297BE84F00C153B2 /* Preview Assets.xcassets in Resources */,
			);
			runOnlyForDeploymentPostprocessing = 0;
		};
/* End PBXResourcesBuildPhase section */

/* Begin PBXSourcesBuildPhase section */
		03F4E70B297BE84E00C153B2 /* Sources */ = {
			isa = PBXSourcesBuildPhase;
			buildActionMask = 2147483647;
			files = (
				03F4E715297BE84E00C153B2 /* ContentView.swift in Sources */,
				03BC53422986F9A50037C0F3 /* LocationMapAnnotationView.swift in Sources */,
				03F6D4A7297E565B00A2E6A2 /* LocationsListView.swift in Sources */,
				03AAEC0B297DB10200A01BA4 /* LocationsViewModel.swift in Sources */,
				03F4E713297BE84E00C153B2 /* SwiftfulMapAppApp.swift in Sources */,
				03AAEC09297DA94400A01BA4 /* LocationsView.swift in Sources */,
				03F4E729297BE8F000C153B2 /* Location.swift in Sources */,
				031C9328297EF29D001C041C /* LocationsPreviewView.swift in Sources */,
				03F4E727297BE8D900C153B2 /* LocationsDataService.swift in Sources */,
			);
			runOnlyForDeploymentPostprocessing = 0;
		};
/* End PBXSourcesBuildPhase section */

/* Begin XCBuildConfiguration section */
		03F4E71B297BE84F00C153B2 /* Debug */ = {
			isa = XCBuildConfiguration;
			buildSettings = {
				ALWAYS_SEARCH_USER_PATHS = NO;
				CLANG_ANALYZER_NONNULL = YES;
				CLANG_ANALYZER_NUMBER_OBJECT_CONVERSION = YES_AGGRESSIVE;
				CLANG_CXX_LANGUAGE_STANDARD = "gnu++20";
				CLANG_ENABLE_MODULES = YES;
				CLANG_ENABLE_OBJC_ARC = YES;
				CLANG_ENABLE_OBJC_WEAK = YES;
				CLANG_WARN_BLOCK_CAPTURE_AUTORELEASING = YES;
				CLANG_WARN_BOOL_CONVERSION = YES;
				CLANG_WARN_COMMA = YES;
				CLANG_WARN_CONSTANT_CONVERSION = YES;
				CLANG_WARN_DEPRECATED_OBJC_IMPLEMENTATIONS = YES;
				CLANG_WARN_DIRECT_OBJC_ISA_USAGE = YES_ERROR;
				CLANG_WARN_DOCUMENTATION_COMMENTS = YES;
				CLANG_WARN_EMPTY_BODY = YES;
				CLANG_WARN_ENUM_CONVERSION = YES;
				CLANG_WARN_INFINITE_RECURSION = YES;
				CLANG_WARN_INT_CONVERSION = YES;
				CLANG_WARN_NON_LITERAL_NULL_CONVERSION = YES;
				CLANG_WARN_OBJC_IMPLICIT_RETAIN_SELF = YES;
				CLANG_WARN_OBJC_LITERAL_CONVERSION = YES;
				CLANG_WARN_OBJC_ROOT_CLASS = YES_ERROR;
				CLANG_WARN_QUOTED_INCLUDE_IN_FRAMEWORK_HEADER = YES;
				CLANG_WARN_RANGE_LOOP_ANALYSIS = YES;
				CLANG_WARN_STRICT_PROTOTYPES = YES;
				CLANG_WARN_SUSPICIOUS_MOVE = YES;
				CLANG_WARN_UNGUARDED_AVAILABILITY = YES_AGGRESSIVE;
				CLANG_WARN_UNREACHABLE_CODE = YES;
				CLANG_WARN__DUPLICATE_METHOD_MATCH = YES;
				COPY_PHASE_STRIP = NO;
				DEBUG_INFORMATION_FORMAT = dwarf;
				ENABLE_STRICT_OBJC_MSGSEND = YES;
				ENABLE_TESTABILITY = YES;
				GCC_C_LANGUAGE_STANDARD = gnu11;
				GCC_DYNAMIC_NO_PIC = NO;
				GCC_NO_COMMON_BLOCKS = YES;
				GCC_OPTIMIZATION_LEVEL = 0;
				GCC_PREPROCESSOR_DEFINITIONS = (
					"DEBUG=1",
					"$(inherited)",
				);
				GCC_WARN_64_TO_32_BIT_CONVERSION = YES;
				GCC_WARN_ABOUT_RETURN_TYPE = YES_ERROR;
				GCC_WARN_UNDECLARED_SELECTOR = YES;
				GCC_WARN_UNINITIALIZED_AUTOS = YES_AGGRESSIVE;
				GCC_WARN_UNUSED_FUNCTION = YES;
				GCC_WARN_UNUSED_VARIABLE = YES;
				IPHONEOS_DEPLOYMENT_TARGET = 16.2;
				MTL_ENABLE_DEBUG_INFO = INCLUDE_SOURCE;
				MTL_FAST_MATH = YES;
				ONLY_ACTIVE_ARCH = YES;
				SDKROOT = iphoneos;
				SWIFT_ACTIVE_COMPILATION_CONDITIONS = DEBUG;
				SWIFT_OPTIMIZATION_LEVEL = "-Onone";
			};
			name = Debug;
		};
		03F4E71C297BE84F00C153B2 /* Release */ = {
			isa = XCBuildConfiguration;
			buildSettings = {
				ALWAYS_SEARCH_USER_PATHS = NO;
				CLANG_ANALYZER_NONNULL = YES;
				CLANG_ANALYZER_NUMBER_OBJECT_CONVERSION = YES_AGGRESSIVE;
				CLANG_CXX_LANGUAGE_STANDARD = "gnu++20";
				CLANG_ENABLE_MODULES = YES;
				CLANG_ENABLE_OBJC_ARC = YES;
				CLANG_ENABLE_OBJC_WEAK = YES;
				CLANG_WARN_BLOCK_CAPTURE_AUTORELEASING = YES;
				CLANG_WARN_BOOL_CONVERSION = YES;
				CLANG_WARN_COMMA = YES;
				CLANG_WARN_CONSTANT_CONVERSION = YES;
				CLANG_WARN_DEPRECATED_OBJC_IMPLEMENTATIONS = YES;
				CLANG_WARN_DIRECT_OBJC_ISA_USAGE = YES_ERROR;
				CLANG_WARN_DOCUMENTATION_COMMENTS = YES;
				CLANG_WARN_EMPTY_BODY = YES;
				CLANG_WARN_ENUM_CONVERSION = YES;
				CLANG_WARN_INFINITE_RECURSION = YES;
				CLANG_WARN_INT_CONVERSION = YES;
				CLANG_WARN_NON_LITERAL_NULL_CONVERSION = YES;
				CLANG_WARN_OBJC_IMPLICIT_RETAIN_SELF = YES;
				CLANG_WARN_OBJC_LITERAL_CONVERSION = YES;
				CLANG_WARN_OBJC_ROOT_CLASS = YES_ERROR;
				CLANG_WARN_QUOTED_INCLUDE_IN_FRAMEWORK_HEADER = YES;
				CLANG_WARN_RANGE_LOOP_ANALYSIS = YES;
				CLANG_WARN_STRICT_PROTOTYPES = YES;
				CLANG_WARN_SUSPICIOUS_MOVE = YES;
				CLANG_WARN_UNGUARDED_AVAILABILITY = YES_AGGRESSIVE;
				CLANG_WARN_UNREACHABLE_CODE = YES;
				CLANG_WARN__DUPLICATE_METHOD_MATCH = YES;
				COPY_PHASE_STRIP = NO;
				DEBUG_INFORMATION_FORMAT = "dwarf-with-dsym";
				ENABLE_NS_ASSERTIONS = NO;
				ENABLE_STRICT_OBJC_MSGSEND = YES;
				GCC_C_LANGUAGE_STANDARD = gnu11;
				GCC_NO_COMMON_BLOCKS = YES;
				GCC_WARN_64_TO_32_BIT_CONVERSION = YES;
				GCC_WARN_ABOUT_RETURN_TYPE = YES_ERROR;
				GCC_WARN_UNDECLARED_SELECTOR = YES;
				GCC_WARN_UNINITIALIZED_AUTOS = YES_AGGRESSIVE;
				GCC_WARN_UNUSED_FUNCTION = YES;
				GCC_WARN_UNUSED_VARIABLE = YES;
				IPHONEOS_DEPLOYMENT_TARGET = 16.2;
				MTL_ENABLE_DEBUG_INFO = NO;
				MTL_FAST_MATH = YES;
				SDKROOT = iphoneos;
				SWIFT_COMPILATION_MODE = wholemodule;
				SWIFT_OPTIMIZATION_LEVEL = "-O";
				VALIDATE_PRODUCT = YES;
			};
			name = Release;
		};
		03F4E71E297BE84F00C153B2 /* Debug */ = {
			isa = XCBuildConfiguration;
			buildSettings = {
				ASSETCATALOG_COMPILER_APPICON_NAME = AppIcon;
				ASSETCATALOG_COMPILER_GLOBAL_ACCENT_COLOR_NAME = AccentColor;
				CODE_SIGN_STYLE = Automatic;
				CURRENT_PROJECT_VERSION = 1;
				DEVELOPMENT_ASSET_PATHS = "\"SwiftfulMapApp/Preview Content\"";
				DEVELOPMENT_TEAM = F2K4SQRVM6;
				ENABLE_PREVIEWS = YES;
				GENERATE_INFOPLIST_FILE = YES;
				INFOPLIST_KEY_UIApplicationSceneManifest_Generation = YES;
				INFOPLIST_KEY_UIApplicationSupportsIndirectInputEvents = YES;
				INFOPLIST_KEY_UILaunchScreen_Generation = YES;
				INFOPLIST_KEY_UISupportedInterfaceOrientations_iPad = "UIInterfaceOrientationPortrait UIInterfaceOrientationPortraitUpsideDown UIInterfaceOrientationLandscapeLeft UIInterfaceOrientationLandscapeRight";
				INFOPLIST_KEY_UISupportedInterfaceOrientations_iPhone = "UIInterfaceOrientationPortrait UIInterfaceOrientationLandscapeLeft UIInterfaceOrientationLandscapeRight";
				LD_RUNPATH_SEARCH_PATHS = (
					"$(inherited)",
					"@executable_path/Frameworks",
				);
				MARKETING_VERSION = 1.0;
				PRODUCT_BUNDLE_IDENTIFIER = com.teddy.SwiftfulMapApp;
				PRODUCT_NAME = "$(TARGET_NAME)";
				SWIFT_EMIT_LOC_STRINGS = YES;
				SWIFT_VERSION = 5.0;
				TARGETED_DEVICE_FAMILY = "1,2";
			};
			name = Debug;
		};
		03F4E71F297BE84F00C153B2 /* Release */ = {
			isa = XCBuildConfiguration;
			buildSettings = {
				ASSETCATALOG_COMPILER_APPICON_NAME = AppIcon;
				ASSETCATALOG_COMPILER_GLOBAL_ACCENT_COLOR_NAME = AccentColor;
				CODE_SIGN_STYLE = Automatic;
				CURRENT_PROJECT_VERSION = 1;
				DEVELOPMENT_ASSET_PATHS = "\"SwiftfulMapApp/Preview Content\"";
				DEVELOPMENT_TEAM = F2K4SQRVM6;
				ENABLE_PREVIEWS = YES;
				GENERATE_INFOPLIST_FILE = YES;
				INFOPLIST_KEY_UIApplicationSceneManifest_Generation = YES;
				INFOPLIST_KEY_UIApplicationSupportsIndirectInputEvents = YES;
				INFOPLIST_KEY_UILaunchScreen_Generation = YES;
				INFOPLIST_KEY_UISupportedInterfaceOrientations_iPad = "UIInterfaceOrientationPortrait UIInterfaceOrientationPortraitUpsideDown UIInterfaceOrientationLandscapeLeft UIInterfaceOrientationLandscapeRight";
				INFOPLIST_KEY_UISupportedInterfaceOrientations_iPhone = "UIInterfaceOrientationPortrait UIInterfaceOrientationLandscapeLeft UIInterfaceOrientationLandscapeRight";
				LD_RUNPATH_SEARCH_PATHS = (
					"$(inherited)",
					"@executable_path/Frameworks",
				);
				MARKETING_VERSION = 1.0;
				PRODUCT_BUNDLE_IDENTIFIER = com.teddy.SwiftfulMapApp;
				PRODUCT_NAME = "$(TARGET_NAME)";
				SWIFT_EMIT_LOC_STRINGS = YES;
				SWIFT_VERSION = 5.0;
				TARGETED_DEVICE_FAMILY = "1,2";
			};
			name = Release;
		};
/* End XCBuildConfiguration section */

/* Begin XCConfigurationList section */
		03F4E70A297BE84E00C153B2 /* Build configuration list for PBXProject "SwiftfulMapApp" */ = {
			isa = XCConfigurationList;
			buildConfigurations = (
				03F4E71B297BE84F00C153B2 /* Debug */,
				03F4E71C297BE84F00C153B2 /* Release */,
			);
			defaultConfigurationIsVisible = 0;
			defaultConfigurationName = Release;
		};
		03F4E71D297BE84F00C153B2 /* Build configuration list for PBXNativeTarget "SwiftfulMapApp" */ = {
			isa = XCConfigurationList;
			buildConfigurations = (
				03F4E71E297BE84F00C153B2 /* Debug */,
				03F4E71F297BE84F00C153B2 /* Release */,
			);
			defaultConfigurationIsVisible = 0;
			defaultConfigurationName = Release;
		};
/* End XCConfigurationList section */
	};
	rootObject = 03F4E707297BE84E00C153B2 /* Project object */;
}
